
Microsoft Visual Studio Solution File, Format Version 12.00
# Visual Studio Version 17
VisualStudioVersion = 17.5.33627.172
MinimumVisualStudioVersion = 10.0.40219.1
Project("{FAE04EC0-301F-11D3-BF4B-00C04F79EFBC}") = "AspDotNetCore-Rate-Limiting", "AspDotNetCore-Rate-Limiting.csproj", "{67E655A1-B6A5-4D03-9D2A-1239647B9C62}"
EndProject
Global
	GlobalSection(SolutionConfigurationPlatforms) = preSolution
		Debug|Any CPU = Debug|Any CPU
		Release|Any CPU = Release|Any CPU
	EndGlobalSection
	GlobalSection(ProjectConfigurationPlatforms) = postSolution
		{67E655A1-B6A5-4D03-9D2A-1239647B9C62}.Debug|Any CPU.ActiveCfg = Debug|Any CPU
		{67E655A1-B6A5-4D03-9D2A-1239647B9C62}.Debug|Any CPU.Build.0 = Debug|Any CPU
		{67E655A1-B6A5-4D03-9D2A-1239647B9C62}.Release|Any CPU.ActiveCfg = Release|Any CPU
		{67E655A1-B6A5-4D03-9D2A-1239647B9C62}.Release|Any CPU.Build.0 = Release|Any CPU
	EndGlobalSection
	GlobalSection(SolutionProperties) = preSolution
		HideSolutionNode = FALSE
	EndGlobalSection
	GlobalSection(ExtensibilityGlobals) = postSolution
		SolutionGuid = {98344592-37D2-43AB-8C8B-85EC1F71D63E}
	EndGlobalSection
EndGlobal
